// !$*UTF8*$!
{
	archiveVersion = 1;
	classes = {
	};
	objectVersion = 77;
	objects = {

/* Begin PBXBuildFile section */
		03D43A8193DEA5E27FE3E0A1 /* DSEG7Classic-Regular.ttf in Resources */ = {isa = PBXBuildFile; fileRef = 06752EA9DBBABCB91FEF26D3 /* DSEG7Classic-Regular.ttf */; };
		0D7A9149AE4287459D75FB53 /* ContentView.swift in Sources */ = {isa = PBXBuildFile; fileRef = 24F205435D2498D70D023299 /* ContentView.swift */; };
		0FBC87E4BA9DEEA32AF58343 /* RecorderViewModel.swift in Sources */ = {isa = PBXBuildFile; fileRef = F06B50BEB254BE0D646ACBFF /* RecorderViewModel.swift */; };
		2060C7480B61F1F8CB1634C5 /* DoublEnderApp.swift in Sources */ = {isa = PBXBuildFile; fileRef = A664098C4701B731F134D15A /* DoublEnderApp.swift */; };
		47E9C2CFC8E04E705E0F01A3 /* RecorderViewModel.swift in Sources */ = {isa = PBXBuildFile; fileRef = F06B50BEB254BE0D646ACBFF /* RecorderViewModel.swift */; };
		5F28705E9B2DD1D817669872 /* Uploader.swift in Sources */ = {isa = PBXBuildFile; fileRef = 90AD773FEA0D06C86AB9AB8B /* Uploader.swift */; };
		659D2142D79F4B86571C6426 /* AudioEngine.swift in Sources */ = {isa = PBXBuildFile; fileRef = 26F427670EB2DAF640994599 /* AudioEngine.swift */; };
		6C5E1D1E6EB79B934C41611A /* DoublEnderApp.swift in Sources */ = {isa = PBXBuildFile; fileRef = A664098C4701B731F134D15A /* DoublEnderApp.swift */; };
		7E6827DAC3FE4D5273B72353 /* ContentView.swift in Sources */ = {isa = PBXBuildFile; fileRef = 24F205435D2498D70D023299 /* ContentView.swift */; };
		850FC9BDBEC1A715FCA82735 /* Uploader.swift in Sources */ = {isa = PBXBuildFile; fileRef = 90AD773FEA0D06C86AB9AB8B /* Uploader.swift */; };
		88D729B32497100812D42566 /* HelpView.swift in Sources */ = {isa = PBXBuildFile; fileRef = F90248FE45395766ECDFF5C6 /* HelpView.swift */; };
		94441311B7F60463DAE95AFB /* DSEG7Classic-Regular.ttf in Resources */ = {isa = PBXBuildFile; fileRef = 06752EA9DBBABCB91FEF26D3 /* DSEG7Classic-Regular.ttf */; };
		9658943210B6034655DE9255 /* PCMSidecar.swift in Sources */ = {isa = PBXBuildFile; fileRef = 1EEC1AB8105037C3CEEE3E69 /* PCMSidecar.swift */; };
		9ABF1CCABA4963286B4EC5A2 /* PCMSidecar.swift in Sources */ = {isa = PBXBuildFile; fileRef = 1EEC1AB8105037C3CEEE3E69 /* PCMSidecar.swift */; };
		9ED5E3F5CC22C17DED51993D /* NotificationService.swift in Sources */ = {isa = PBXBuildFile; fileRef = 1B8331841FA32B270066E651 /* NotificationService.swift */; };
		A42ED72195A93DE473F60038 /* Assets.xcassets in Resources */ = {isa = PBXBuildFile; fileRef = CAF52AADEB00B9C16CE0B387 /* Assets.xcassets */; };
		A85B19E56271B2D00C591845 /* doublender-10af32ff2d11.json in Resources */ = {isa = PBXBuildFile; fileRef = 34514E952E2515C16AB6E129 /* doublender-10af32ff2d11.json */; };
		AD897B6712A20B76D54D3DFE /* UpdateChecker.swift in Sources */ = {isa = PBXBuildFile; fileRef = F5462AB7FD00980A0FA8C65E /* UpdateChecker.swift */; };
		B7672703234ADBF249BD117F /* RecoveryView.swift in Sources */ = {isa = PBXBuildFile; fileRef = EA8EDFBEFEA598B9419DACF4 /* RecoveryView.swift */; };
		BB66D98FB9F2F69F8A4F7672 /* RecoveryView.swift in Sources */ = {isa = PBXBuildFile; fileRef = EA8EDFBEFEA598B9419DACF4 /* RecoveryView.swift */; };
		CB83A44567673D6FB4273023 /* UploadConfirmationView.swift in Sources */ = {isa = PBXBuildFile; fileRef = 9AC710282351ED2B87482FED /* UploadConfirmationView.swift */; };
		D70C724E20E5BE60FB268D94 /* HelpView.swift in Sources */ = {isa = PBXBuildFile; fileRef = F90248FE45395766ECDFF5C6 /* HelpView.swift */; };
		DE683368203B1791D5E8D132 /* UpdateChecker.swift in Sources */ = {isa = PBXBuildFile; fileRef = F5462AB7FD00980A0FA8C65E /* UpdateChecker.swift */; };
		DF7E5277F967AA00454980E9 /* Assets.xcassets in Resources */ = {isa = PBXBuildFile; fileRef = CAF52AADEB00B9C16CE0B387 /* Assets.xcassets */; };
		E9B6FD52FC26900815BA9091 /* NotificationService.swift in Sources */ = {isa = PBXBuildFile; fileRef = 1B8331841FA32B270066E651 /* NotificationService.swift */; };
		EC70E6949EADF54FB2D06447 /* AudioEngine.swift in Sources */ = {isa = PBXBuildFile; fileRef = 26F427670EB2DAF640994599 /* AudioEngine.swift */; };
		EEA52ACEBBB97A53F91C6A09 /* UploadConfirmationView.swift in Sources */ = {isa = PBXBuildFile; fileRef = 9AC710282351ED2B87482FED /* UploadConfirmationView.swift */; };
/* End PBXBuildFile section */

/* Begin PBXFileReference section */
		06752EA9DBBABCB91FEF26D3 /* DSEG7Classic-Regular.ttf */ = {isa = PBXFileReference; lastKnownFileType = file; path = "DSEG7Classic-Regular.ttf"; sourceTree = "<group>"; };
		1B8331841FA32B270066E651 /* NotificationService.swift */ = {isa = PBXFileReference; lastKnownFileType = sourcecode.swift; path = NotificationService.swift; sourceTree = "<group>"; };
		1EEC1AB8105037C3CEEE3E69 /* PCMSidecar.swift */ = {isa = PBXFileReference; lastKnownFileType = sourcecode.swift; path = PCMSidecar.swift; sourceTree = "<group>"; };
		24F205435D2498D70D023299 /* ContentView.swift */ = {isa = PBXFileReference; lastKnownFileType = sourcecode.swift; path = ContentView.swift; sourceTree = "<group>"; };
		26F427670EB2DAF640994599 /* AudioEngine.swift */ = {isa = PBXFileReference; lastKnownFileType = sourcecode.swift; path = AudioEngine.swift; sourceTree = "<group>"; };
		34514E952E2515C16AB6E129 /* doublender-10af32ff2d11.json */ = {isa = PBXFileReference; lastKnownFileType = text.json; path = "doublender-10af32ff2d11.json"; sourceTree = "<group>"; };
		3992791273426B06C5A56DA1 /* DoublEnder.app */ = {isa = PBXFileReference; explicitFileType = wrapper.application; includeInIndex = 0; path = DoublEnder.app; sourceTree = BUILT_PRODUCTS_DIR; };
		90AD773FEA0D06C86AB9AB8B /* Uploader.swift */ = {isa = PBXFileReference; lastKnownFileType = sourcecode.swift; path = Uploader.swift; sourceTree = "<group>"; };
		9AC710282351ED2B87482FED /* UploadConfirmationView.swift */ = {isa = PBXFileReference; lastKnownFileType = sourcecode.swift; path = UploadConfirmationView.swift; sourceTree = "<group>"; };
		A664098C4701B731F134D15A /* DoublEnderApp.swift */ = {isa = PBXFileReference; lastKnownFileType = sourcecode.swift; path = DoublEnderApp.swift; sourceTree = "<group>"; };
		B4AE2D23315EF40087853727 /* DoublEnderCloud.app */ = {isa = PBXFileReference; explicitFileType = wrapper.application; includeInIndex = 0; path = DoublEnderCloud.app; sourceTree = BUILT_PRODUCTS_DIR; };
		BEFC981AFE64B7F016D02E37 /* Info.plist */ = {isa = PBXFileReference; lastKnownFileType = text.plist; path = Info.plist; sourceTree = "<group>"; };
		CAF52AADEB00B9C16CE0B387 /* Assets.xcassets */ = {isa = PBXFileReference; lastKnownFileType = folder.assetcatalog; path = Assets.xcassets; sourceTree = "<group>"; };
		EA8EDFBEFEA598B9419DACF4 /* RecoveryView.swift */ = {isa = PBXFileReference; lastKnownFileType = sourcecode.swift; path = RecoveryView.swift; sourceTree = "<group>"; };
		EC47A7DBFE3560714B1EABA7 /* DoublEnder.entitlements */ = {isa = PBXFileReference; lastKnownFileType = text.plist.entitlements; path = DoublEnder.entitlements; sourceTree = "<group>"; };
		F06B50BEB254BE0D646ACBFF /* RecorderViewModel.swift */ = {isa = PBXFileReference; lastKnownFileType = sourcecode.swift; path = RecorderViewModel.swift; sourceTree = "<group>"; };
		F5462AB7FD00980A0FA8C65E /* UpdateChecker.swift */ = {isa = PBXFileReference; lastKnownFileType = sourcecode.swift; path = UpdateChecker.swift; sourceTree = "<group>"; };
		F90248FE45395766ECDFF5C6 /* HelpView.swift */ = {isa = PBXFileReference; lastKnownFileType = sourcecode.swift; path = HelpView.swift; sourceTree = "<group>"; };
/* End PBXFileReference section */

/* Begin PBXGroup section */
		12974812512CB2833EFFFC09 /* ViewModels */ = {
			isa = PBXGroup;
			children = (
				F06B50BEB254BE0D646ACBFF /* RecorderViewModel.swift */,
			);
			path = ViewModels;
			sourceTree = "<group>";
		};
		2E4028C5C5355C54358839E1 /* Fonts */ = {
			isa = PBXGroup;
			children = (
				06752EA9DBBABCB91FEF26D3 /* DSEG7Classic-Regular.ttf */,
			);
			path = Fonts;
			sourceTree = "<group>";
		};
		3E6E96EA268387E789BED1A1 /* Services */ = {
			isa = PBXGroup;
			children = (
				26F427670EB2DAF640994599 /* AudioEngine.swift */,
				1B8331841FA32B270066E651 /* NotificationService.swift */,
				1EEC1AB8105037C3CEEE3E69 /* PCMSidecar.swift */,
				F5462AB7FD00980A0FA8C65E /* UpdateChecker.swift */,
				90AD773FEA0D06C86AB9AB8B /* Uploader.swift */,
			);
			path = Services;
			sourceTree = "<group>";
		};
		48EBB12EB1125B7ED1870032 /* Views */ = {
			isa = PBXGroup;
			children = (
				24F205435D2498D70D023299 /* ContentView.swift */,
				F90248FE45395766ECDFF5C6 /* HelpView.swift */,
				EA8EDFBEFEA598B9419DACF4 /* RecoveryView.swift */,
				9AC710282351ED2B87482FED /* UploadConfirmationView.swift */,
			);
			path = Views;
			sourceTree = "<group>";
		};
		7D390BC87A16285E25E16814 /* Resources */ = {
			isa = PBXGroup;
			children = (
				2E4028C5C5355C54358839E1 /* Fonts */,
			);
			path = Resources;
			sourceTree = "<group>";
		};
		A0A2DE47AE61E7C3E667469D /* DoublEnder */ = {
			isa = PBXGroup;
			children = (
				CAF52AADEB00B9C16CE0B387 /* Assets.xcassets */,
				EC47A7DBFE3560714B1EABA7 /* DoublEnder.entitlements */,
				A664098C4701B731F134D15A /* DoublEnderApp.swift */,
				BEFC981AFE64B7F016D02E37 /* Info.plist */,
				7D390BC87A16285E25E16814 /* Resources */,
				3E6E96EA268387E789BED1A1 /* Services */,
				12974812512CB2833EFFFC09 /* ViewModels */,
				48EBB12EB1125B7ED1870032 /* Views */,
			);
			path = DoublEnder;
			sourceTree = "<group>";
		};
		E767597B60FF83ED0607C3A2 /* Products */ = {
			isa = PBXGroup;
			children = (
				3992791273426B06C5A56DA1 /* DoublEnder.app */,
				B4AE2D23315EF40087853727 /* DoublEnderCloud.app */,
			);
			name = Products;
			sourceTree = "<group>";
		};
		E9C0BEA57E0D697A1C5151E5 /* DoublEnderCloud */ = {
			isa = PBXGroup;
			children = (
				34514E952E2515C16AB6E129 /* doublender-10af32ff2d11.json */,
			);
			path = DoublEnderCloud;
			sourceTree = "<group>";
		};
		F035E6F59874ABAC3AFD8CBA = {
			isa = PBXGroup;
			children = (
				A0A2DE47AE61E7C3E667469D /* DoublEnder */,
				E9C0BEA57E0D697A1C5151E5 /* DoublEnderCloud */,
				E767597B60FF83ED0607C3A2 /* Products */,
			);
			sourceTree = "<group>";
		};
/* End PBXGroup section */

/* Begin PBXNativeTarget section */
		301765A123D833D8FED2DBB2 /* DoublEnder */ = {
			isa = PBXNativeTarget;
			buildConfigurationList = 7FA3FDE9CAB1198B6C75B21D /* Build configuration list for PBXNativeTarget "DoublEnder" */;
			buildPhases = (
				09730011DCC82D89F8F0BA97 /* Sources */,
				FE49D669D46CEBDC55D51100 /* Resources */,
			);
			buildRules = (
			);
			dependencies = (
			);
			name = DoublEnder;
			packageProductDependencies = (
			);
			productName = DoublEnder;
			productReference = 3992791273426B06C5A56DA1 /* DoublEnder.app */;
			productType = "com.apple.product-type.application";
		};
		3A4ABD70B7B6A1A4B41C66EC /* DoublEnderCloud */ = {
			isa = PBXNativeTarget;
			buildConfigurationList = 3D747DE279A1BE7B4FF75A0C /* Build configuration list for PBXNativeTarget "DoublEnderCloud" */;
			buildPhases = (
				EA482F03B7FC96034ACBE838 /* Sources */,
				6FFDA0F83A50DED9F13532C9 /* Resources */,
			);
			buildRules = (
			);
			dependencies = (
			);
			name = DoublEnderCloud;
			packageProductDependencies = (
			);
			productName = DoublEnderCloud;
			productReference = B4AE2D23315EF40087853727 /* DoublEnderCloud.app */;
			productType = "com.apple.product-type.application";
		};
/* End PBXNativeTarget section */

/* Begin PBXProject section */
		E1D34250031A0AF13E02100E /* Project object */ = {
			isa = PBXProject;
			attributes = {
				BuildIndependentTargetsInParallel = YES;
				LastUpgradeCheck = 1430;
				TargetAttributes = {
					301765A123D833D8FED2DBB2 = {
						ProvisioningStyle = Automatic;
					};
					3A4ABD70B7B6A1A4B41C66EC = {
						ProvisioningStyle = Automatic;
					};
				};
			};
			buildConfigurationList = A24B35EBCB466DB3087AF11F /* Build configuration list for PBXProject "DoublEnder" */;
			developmentRegion = en;
			hasScannedForEncodings = 0;
			knownRegions = (
				Base,
				en,
			);
			mainGroup = F035E6F59874ABAC3AFD8CBA;
			minimizedProjectReferenceProxies = 1;
			preferredProjectObjectVersion = 77;
			productRefGroup = E767597B60FF83ED0607C3A2 /* Products */;
			projectDirPath = "";
			projectRoot = "";
			targets = (
				301765A123D833D8FED2DBB2 /* DoublEnder */,
				3A4ABD70B7B6A1A4B41C66EC /* DoublEnderCloud */,
			);
		};
/* End PBXProject section */

/* Begin PBXResourcesBuildPhase section */
		6FFDA0F83A50DED9F13532C9 /* Resources */ = {
			isa = PBXResourcesBuildPhase;
			buildActionMask = 2147483647;
			files = (
				A42ED72195A93DE473F60038 /* Assets.xcassets in Resources */,
				94441311B7F60463DAE95AFB /* DSEG7Classic-Regular.ttf in Resources */,
				A85B19E56271B2D00C591845 /* doublender-10af32ff2d11.json in Resources */,
			);
			runOnlyForDeploymentPostprocessing = 0;
		};
		FE49D669D46CEBDC55D51100 /* Resources */ = {
			isa = PBXResourcesBuildPhase;
			buildActionMask = 2147483647;
			files = (
				DF7E5277F967AA00454980E9 /* Assets.xcassets in Resources */,
				03D43A8193DEA5E27FE3E0A1 /* DSEG7Classic-Regular.ttf in Resources */,
			);
			runOnlyForDeploymentPostprocessing = 0;
		};
/* End PBXResourcesBuildPhase section */

/* Begin PBXSourcesBuildPhase section */
		09730011DCC82D89F8F0BA97 /* Sources */ = {
			isa = PBXSourcesBuildPhase;
			buildActionMask = 2147483647;
			files = (
				EC70E6949EADF54FB2D06447 /* AudioEngine.swift in Sources */,
				7E6827DAC3FE4D5273B72353 /* ContentView.swift in Sources */,
				2060C7480B61F1F8CB1634C5 /* DoublEnderApp.swift in Sources */,
				D70C724E20E5BE60FB268D94 /* HelpView.swift in Sources */,
				E9B6FD52FC26900815BA9091 /* NotificationService.swift in Sources */,
				9658943210B6034655DE9255 /* PCMSidecar.swift in Sources */,
				0FBC87E4BA9DEEA32AF58343 /* RecorderViewModel.swift in Sources */,
				BB66D98FB9F2F69F8A4F7672 /* RecoveryView.swift in Sources */,
				DE683368203B1791D5E8D132 /* UpdateChecker.swift in Sources */,
				CB83A44567673D6FB4273023 /* UploadConfirmationView.swift in Sources */,
				5F28705E9B2DD1D817669872 /* Uploader.swift in Sources */,
			);
			runOnlyForDeploymentPostprocessing = 0;
		};
		EA482F03B7FC96034ACBE838 /* Sources */ = {
			isa = PBXSourcesBuildPhase;
			buildActionMask = 2147483647;
			files = (
				659D2142D79F4B86571C6426 /* AudioEngine.swift in Sources */,
				0D7A9149AE4287459D75FB53 /* ContentView.swift in Sources */,
				6C5E1D1E6EB79B934C41611A /* DoublEnderApp.swift in Sources */,
				88D729B32497100812D42566 /* HelpView.swift in Sources */,
				9ED5E3F5CC22C17DED51993D /* NotificationService.swift in Sources */,
				9ABF1CCABA4963286B4EC5A2 /* PCMSidecar.swift in Sources */,
				47E9C2CFC8E04E705E0F01A3 /* RecorderViewModel.swift in Sources */,
				B7672703234ADBF249BD117F /* RecoveryView.swift in Sources */,
				AD897B6712A20B76D54D3DFE /* UpdateChecker.swift in Sources */,
				EEA52ACEBBB97A53F91C6A09 /* UploadConfirmationView.swift in Sources */,
				850FC9BDBEC1A715FCA82735 /* Uploader.swift in Sources */,
			);
			runOnlyForDeploymentPostprocessing = 0;
		};
/* End PBXSourcesBuildPhase section */

/* Begin XCBuildConfiguration section */
		2337624969EE81E19C03D9EF /* Debug */ = {
			isa = XCBuildConfiguration;
			buildSettings = {
				ALWAYS_SEARCH_USER_PATHS = NO;
				CLANG_ANALYZER_NONNULL = YES;
				CLANG_ANALYZER_NUMBER_OBJECT_CONVERSION = YES_AGGRESSIVE;
				CLANG_CXX_LANGUAGE_STANDARD = "gnu++14";
				CLANG_CXX_LIBRARY = "libc++";
				CLANG_ENABLE_MODULES = YES;
				CLANG_ENABLE_OBJC_ARC = YES;
				CLANG_ENABLE_OBJC_WEAK = YES;
				CLANG_WARN_BLOCK_CAPTURE_AUTORELEASING = YES;
				CLANG_WARN_BOOL_CONVERSION = YES;
				CLANG_WARN_COMMA = YES;
				CLANG_WARN_CONSTANT_CONVERSION = YES;
				CLANG_WARN_DEPRECATED_OBJC_IMPLEMENTATIONS = YES;
				CLANG_WARN_DIRECT_OBJC_ISA_USAGE = YES_ERROR;
				CLANG_WARN_DOCUMENTATION_COMMENTS = YES;
				CLANG_WARN_EMPTY_BODY = YES;
				CLANG_WARN_ENUM_CONVERSION = YES;
				CLANG_WARN_INFINITE_RECURSION = YES;
				CLANG_WARN_INT_CONVERSION = YES;
				CLANG_WARN_NON_LITERAL_NULL_CONVERSION = YES;
				CLANG_WARN_OBJC_IMPLICIT_RETAIN_SELF = YES;
				CLANG_WARN_OBJC_LITERAL_CONVERSION = YES;
				CLANG_WARN_OBJC_ROOT_CLASS = YES_ERROR;
				CLANG_WARN_QUOTED_INCLUDE_IN_FRAMEWORK_HEADER = YES;
				CLANG_WARN_RANGE_LOOP_ANALYSIS = YES;
				CLANG_WARN_STRICT_PROTOTYPES = YES;
				CLANG_WARN_SUSPICIOUS_MOVE = YES;
				CLANG_WARN_UNGUARDED_AVAILABILITY = YES_AGGRESSIVE;
				CLANG_WARN_UNREACHABLE_CODE = YES;
				CLANG_WARN__DUPLICATE_METHOD_MATCH = YES;
				COPY_PHASE_STRIP = NO;
				CURRENT_PROJECT_VERSION = 1;
				DEBUG_INFORMATION_FORMAT = dwarf;
				ENABLE_STRICT_OBJC_MSGSEND = YES;
				ENABLE_TESTABILITY = YES;
				GCC_C_LANGUAGE_STANDARD = gnu11;
				GCC_DYNAMIC_NO_PIC = NO;
				GCC_NO_COMMON_BLOCKS = YES;
				GCC_OPTIMIZATION_LEVEL = 0;
				GCC_PREPROCESSOR_DEFINITIONS = (
					"$(inherited)",
					"DEBUG=1",
				);
				GCC_WARN_64_TO_32_BIT_CONVERSION = YES;
				GCC_WARN_ABOUT_RETURN_TYPE = YES_ERROR;
				GCC_WARN_UNDECLARED_SELECTOR = YES;
				GCC_WARN_UNINITIALIZED_AUTOS = YES_AGGRESSIVE;
				GCC_WARN_UNUSED_FUNCTION = YES;
				GCC_WARN_UNUSED_VARIABLE = YES;
				MACOSX_DEPLOYMENT_TARGET = 14.0;
				MARKETING_VERSION = 1.6.2;
				MTL_ENABLE_DEBUG_INFO = INCLUDE_SOURCE;
				MTL_FAST_MATH = YES;
				ONLY_ACTIVE_ARCH = YES;
				PRODUCT_NAME = "$(TARGET_NAME)";
				SDKROOT = macosx;
				SWIFT_ACTIVE_COMPILATION_CONDITIONS = DEBUG;
				SWIFT_OPTIMIZATION_LEVEL = "-Onone";
				SWIFT_VERSION = 5.0;
			};
			name = Debug;
		};
		2E18EA4B7BB6A41E50AD2666 /* Debug */ = {
			isa = XCBuildConfiguration;
			buildSettings = {
				ASSETCATALOG_COMPILER_APPICON_NAME = AppIcon;
				CODE_SIGN_ENTITLEMENTS = DoublEnder/DoublEnder.entitlements;
				CODE_SIGN_IDENTITY = "-";
				CODE_SIGN_STYLE = Automatic;
				COMBINE_HIDPI_IMAGES = YES;
				ENABLE_HARDENED_RUNTIME = YES;
				INFOPLIST_FILE = DoublEnder/Info.plist;
				INFOPLIST_KEY_CFBundleDisplayName = DoublEnder;
				LD_RUNPATH_SEARCH_PATHS = (
					"$(inherited)",
					"@executable_path/../Frameworks",
				);
				MACOSX_DEPLOYMENT_TARGET = 14.0;
				PRODUCT_BUNDLE_IDENTIFIER = io.github.sevmorris.DoublEnder;
				PRODUCT_NAME = DoublEnder;
				SDKROOT = macosx;
				SWIFT_ACTIVE_COMPILATION_CONDITIONS = "$(inherited)";
			};
			name = Debug;
		};
		4C5918F4086A933AA80EE1E2 /* Debug */ = {
			isa = XCBuildConfiguration;
			buildSettings = {
				ASSETCATALOG_COMPILER_APPICON_NAME = AppIconCloud;
				CODE_SIGN_ENTITLEMENTS = DoublEnderCloud/DoublEnderCloud.entitlements;
				CODE_SIGN_IDENTITY = "-";
				CODE_SIGN_STYLE = Automatic;
				COMBINE_HIDPI_IMAGES = YES;
				ENABLE_HARDENED_RUNTIME = YES;
				INFOPLIST_FILE = DoublEnder/Info.plist;
				INFOPLIST_KEY_CFBundleDisplayName = "DoublEnder Cloud";
				LD_RUNPATH_SEARCH_PATHS = (
					"$(inherited)",
					"@executable_path/../Frameworks",
				);
				MACOSX_DEPLOYMENT_TARGET = 14.0;
				MARKETING_VERSION = 1.5.5;
				PRODUCT_BUNDLE_IDENTIFIER = io.github.sevmorris.DoublEnderCloud;
				PRODUCT_NAME = "DoublEnder Cloud";
				SDKROOT = macosx;
				SWIFT_ACTIVE_COMPILATION_CONDITIONS = GCS_ENABLED;
			};
			name = Debug;
		};
		846363258DC86042675E19C8 /* Release */ = {
			isa = XCBuildConfiguration;
			buildSettings = {
				ASSETCATALOG_COMPILER_APPICON_NAME = AppIcon;
				CODE_SIGN_ENTITLEMENTS = DoublEnder/DoublEnder.entitlements;
				CODE_SIGN_IDENTITY = "-";
				CODE_SIGN_STYLE = Automatic;
				COMBINE_HIDPI_IMAGES = YES;
				ENABLE_HARDENED_RUNTIME = YES;
				INFOPLIST_FILE = DoublEnder/Info.plist;
				INFOPLIST_KEY_CFBundleDisplayName = DoublEnder;
				LD_RUNPATH_SEARCH_PATHS = (
					"$(inherited)",
					"@executable_path/../Frameworks",
				);
				MACOSX_DEPLOYMENT_TARGET = 14.0;
				PRODUCT_BUNDLE_IDENTIFIER = io.github.sevmorris.DoublEnder;
				PRODUCT_NAME = DoublEnder;
				SDKROOT = macosx;
				SWIFT_ACTIVE_COMPILATION_CONDITIONS = "$(inherited)";
			};
			name = Release;
		};
		92CC8D20281BE2ED80095BCC /* Release */ = {
			isa = XCBuildConfiguration;
			buildSettings = {
				ALWAYS_SEARCH_USER_PATHS = NO;
				CLANG_ANALYZER_NONNULL = YES;
				CLANG_ANALYZER_NUMBER_OBJECT_CONVERSION = YES_AGGRESSIVE;
				CLANG_CXX_LANGUAGE_STANDARD = "gnu++14";
				CLANG_CXX_LIBRARY = "libc++";
				CLANG_ENABLE_MODULES = YES;
				CLANG_ENABLE_OBJC_ARC = YES;
				CLANG_ENABLE_OBJC_WEAK = YES;
				CLANG_WARN_BLOCK_CAPTURE_AUTORELEASING = YES;
				CLANG_WARN_BOOL_CONVERSION = YES;
				CLANG_WARN_COMMA = YES;
				CLANG_WARN_CONSTANT_CONVERSION = YES;
				CLANG_WARN_DEPRECATED_OBJC_IMPLEMENTATIONS = YES;
				CLANG_WARN_DIRECT_OBJC_ISA_USAGE = YES_ERROR;
				CLANG_WARN_DOCUMENTATION_COMMENTS = YES;
				CLANG_WARN_EMPTY_BODY = YES;
				CLANG_WARN_ENUM_CONVERSION = YES;
				CLANG_WARN_INFINITE_RECURSION = YES;
				CLANG_WARN_INT_CONVERSION = YES;
				CLANG_WARN_NON_LITERAL_NULL_CONVERSION = YES;
				CLANG_WARN_OBJC_IMPLICIT_RETAIN_SELF = YES;
				CLANG_WARN_OBJC_LITERAL_CONVERSION = YES;
				CLANG_WARN_OBJC_ROOT_CLASS = YES_ERROR;
				CLANG_WARN_QUOTED_INCLUDE_IN_FRAMEWORK_HEADER = YES;
				CLANG_WARN_RANGE_LOOP_ANALYSIS = YES;
				CLANG_WARN_STRICT_PROTOTYPES = YES;
				CLANG_WARN_SUSPICIOUS_MOVE = YES;
				CLANG_WARN_UNGUARDED_AVAILABILITY = YES_AGGRESSIVE;
				CLANG_WARN_UNREACHABLE_CODE = YES;
				CLANG_WARN__DUPLICATE_METHOD_MATCH = YES;
				COPY_PHASE_STRIP = NO;
				CURRENT_PROJECT_VERSION = 1;
				DEBUG_INFORMATION_FORMAT = "dwarf-with-dsym";
				ENABLE_NS_ASSERTIONS = NO;
				ENABLE_STRICT_OBJC_MSGSEND = YES;
				GCC_C_LANGUAGE_STANDARD = gnu11;
				GCC_NO_COMMON_BLOCKS = YES;
				GCC_WARN_64_TO_32_BIT_CONVERSION = YES;
				GCC_WARN_ABOUT_RETURN_TYPE = YES_ERROR;
				GCC_WARN_UNDECLARED_SELECTOR = YES;
				GCC_WARN_UNINITIALIZED_AUTOS = YES_AGGRESSIVE;
				GCC_WARN_UNUSED_FUNCTION = YES;
				GCC_WARN_UNUSED_VARIABLE = YES;
				MACOSX_DEPLOYMENT_TARGET = 14.0;
				MARKETING_VERSION = 1.6.2;
				MTL_ENABLE_DEBUG_INFO = NO;
				MTL_FAST_MATH = YES;
				PRODUCT_NAME = "$(TARGET_NAME)";
				SDKROOT = macosx;
				SWIFT_COMPILATION_MODE = wholemodule;
				SWIFT_OPTIMIZATION_LEVEL = "-O";
				SWIFT_VERSION = 5.0;
			};
			name = Release;
		};
		FCC888B022A3EC542C04BEF1 /* Release */ = {
			isa = XCBuildConfiguration;
			buildSettings = {
				ASSETCATALOG_COMPILER_APPICON_NAME = AppIconCloud;
				CODE_SIGN_ENTITLEMENTS = DoublEnderCloud/DoublEnderCloud.entitlements;
				CODE_SIGN_IDENTITY = "-";
				CODE_SIGN_STYLE = Automatic;
				COMBINE_HIDPI_IMAGES = YES;
				ENABLE_HARDENED_RUNTIME = YES;
				INFOPLIST_FILE = DoublEnder/Info.plist;
				INFOPLIST_KEY_CFBundleDisplayName = "DoublEnder Cloud";
				LD_RUNPATH_SEARCH_PATHS = (
					"$(inherited)",
					"@executable_path/../Frameworks",
				);
				MACOSX_DEPLOYMENT_TARGET = 14.0;
				MARKETING_VERSION = 1.5.5;
				PRODUCT_BUNDLE_IDENTIFIER = io.github.sevmorris.DoublEnderCloud;
				PRODUCT_NAME = "DoublEnder Cloud";
				SDKROOT = macosx;
				SWIFT_ACTIVE_COMPILATION_CONDITIONS = GCS_ENABLED;
			};
			name = Release;
		};
/* End XCBuildConfiguration section */

/* Begin XCConfigurationList section */
		3D747DE279A1BE7B4FF75A0C /* Build configuration list for PBXNativeTarget "DoublEnderCloud" */ = {
			isa = XCConfigurationList;
			buildConfigurations = (
				4C5918F4086A933AA80EE1E2 /* Debug */,
				FCC888B022A3EC542C04BEF1 /* Release */,
			);
			defaultConfigurationIsVisible = 0;
			defaultConfigurationName = Debug;
		};
		7FA3FDE9CAB1198B6C75B21D /* Build configuration list for PBXNativeTarget "DoublEnder" */ = {
			isa = XCConfigurationList;
			buildConfigurations = (
				2E18EA4B7BB6A41E50AD2666 /* Debug */,
				846363258DC86042675E19C8 /* Release */,
			);
			defaultConfigurationIsVisible = 0;
			defaultConfigurationName = Debug;
		};
		A24B35EBCB466DB3087AF11F /* Build configuration list for PBXProject "DoublEnder" */ = {
			isa = XCConfigurationList;
			buildConfigurations = (
				2337624969EE81E19C03D9EF /* Debug */,
				92CC8D20281BE2ED80095BCC /* Release */,
			);
			defaultConfigurationIsVisible = 0;
			defaultConfigurationName = Debug;
		};
/* End XCConfigurationList section */
	};
	rootObject = E1D34250031A0AF13E02100E /* Project object */;
}
